// !$*UTF8*$!
{
	archiveVersion = 1;
	classes = {
	};
	objectVersion = 48;
	objects = {

/* Begin PBXBuildFile section */
		4AE4BB5A1EAD4B19843EC84A /* Pods_Smack.framework in Frameworks */ = {isa = PBXBuildFile; fileRef = 0CA9A387D0B63F1AB3916F92 /* Pods_Smack.framework */; };
		E40C0C0A1F427FF500D11187 /* ProfileVC.swift in Sources */ = {isa = PBXBuildFile; fileRef = E40C0C081F427FF500D11187 /* ProfileVC.swift */; };
		E40C0C0B1F427FF500D11187 /* ProfileVC.xib in Resources */ = {isa = PBXBuildFile; fileRef = E40C0C091F427FF500D11187 /* ProfileVC.xib */; };
		E40CB8DB1F4462B4002E6C6A /* MessageService.swift in Sources */ = {isa = PBXBuildFile; fileRef = E40CB8DA1F4462B4002E6C6A /* MessageService.swift */; };
		E40CB8DD1F4462E3002E6C6A /* Channel.swift in Sources */ = {isa = PBXBuildFile; fileRef = E40CB8DC1F4462E3002E6C6A /* Channel.swift */; };
		E40CB8DF1F4468E0002E6C6A /* ChannelCell.swift in Sources */ = {isa = PBXBuildFile; fileRef = E40CB8DE1F4468DF002E6C6A /* ChannelCell.swift */; };
		E40CB8E21F447C44002E6C6A /* AddChannelVC.swift in Sources */ = {isa = PBXBuildFile; fileRef = E40CB8E01F447C44002E6C6A /* AddChannelVC.swift */; };
		E40CB8E31F447C44002E6C6A /* AddChannelVC.xib in Resources */ = {isa = PBXBuildFile; fileRef = E40CB8E11F447C44002E6C6A /* AddChannelVC.xib */; };
		E4330CF41F3B56F800B021BE /* Constants.swift in Sources */ = {isa = PBXBuildFile; fileRef = E4330CF31F3B56F800B021BE /* Constants.swift */; };
		E4330CF61F3B5C9000B021BE /* LoginVC.swift in Sources */ = {isa = PBXBuildFile; fileRef = E4330CF51F3B5C9000B021BE /* LoginVC.swift */; };
		E436CD201F3F892C008F2541 /* AuthService.swift in Sources */ = {isa = PBXBuildFile; fileRef = E436CD1F1F3F892C008F2541 /* AuthService.swift */; };
		E436CD221F3FD83F008F2541 /* RoundedButton.swift in Sources */ = {isa = PBXBuildFile; fileRef = E436CD211F3FD83F008F2541 /* RoundedButton.swift */; };
		E46E1F601F4124CA000D3535 /* CircleImage.swift in Sources */ = {isa = PBXBuildFile; fileRef = E46E1F5F1F4124CA000D3535 /* CircleImage.swift */; };
		E47693971F44D3DB004ECADA /* SocketService.swift in Sources */ = {isa = PBXBuildFile; fileRef = E47693961F44D3DB004ECADA /* SocketService.swift */; };
		E482020C1F3A597700E32509 /* AppDelegate.swift in Sources */ = {isa = PBXBuildFile; fileRef = E482020B1F3A597700E32509 /* AppDelegate.swift */; };
		E48202111F3A597700E32509 /* Main.storyboard in Resources */ = {isa = PBXBuildFile; fileRef = E482020F1F3A597700E32509 /* Main.storyboard */; };
		E48202131F3A597700E32509 /* Assets.xcassets in Resources */ = {isa = PBXBuildFile; fileRef = E48202121F3A597700E32509 /* Assets.xcassets */; };
		E48202161F3A597700E32509 /* LaunchScreen.storyboard in Resources */ = {isa = PBXBuildFile; fileRef = E48202141F3A597700E32509 /* LaunchScreen.storyboard */; };
		E48202251F3A5B3600E32509 /* ChatVC.swift in Sources */ = {isa = PBXBuildFile; fileRef = E48202241F3A5B3600E32509 /* ChatVC.swift */; };
		E48202271F3A5B4700E32509 /* ChannelVC.swift in Sources */ = {isa = PBXBuildFile; fileRef = E48202261F3A5B4700E32509 /* ChannelVC.swift */; };
		E48202281F3A5F1F00E32509 /* SWRevealViewController.m in Sources */ = {isa = PBXBuildFile; fileRef = E48202201F3A5A3F00E32509 /* SWRevealViewController.m */; };
		E482022A1F3AA7F800E32509 /* GradientView.swift in Sources */ = {isa = PBXBuildFile; fileRef = E48202291F3AA7F800E32509 /* GradientView.swift */; };
		E49781401F45794A0052FD7A /* Message.swift in Sources */ = {isa = PBXBuildFile; fileRef = E497813F1F45794A0052FD7A /* Message.swift */; };
		E4D3076E1F3BDF340058205D /* CreateAccountVC.swift in Sources */ = {isa = PBXBuildFile; fileRef = E4D3076D1F3BDF340058205D /* CreateAccountVC.swift */; };
		E4EE0C9F1F40E282007A9A4E /* UserDataService.swift in Sources */ = {isa = PBXBuildFile; fileRef = E4EE0C9E1F40E282007A9A4E /* UserDataService.swift */; };
		E4EE0CA11F40F11F007A9A4E /* AvatarPickerVC.swift in Sources */ = {isa = PBXBuildFile; fileRef = E4EE0CA01F40F11F007A9A4E /* AvatarPickerVC.swift */; };
		E4EE0CA31F40F2A5007A9A4E /* AvatarCell.swift in Sources */ = {isa = PBXBuildFile; fileRef = E4EE0CA21F40F2A5007A9A4E /* AvatarCell.swift */; };
/* End PBXBuildFile section */

/* Begin PBXFileReference section */
		0CA9A387D0B63F1AB3916F92 /* Pods_Smack.framework */ = {isa = PBXFileReference; explicitFileType = wrapper.framework; includeInIndex = 0; path = Pods_Smack.framework; sourceTree = BUILT_PRODUCTS_DIR; };
		7778A37BF78B79B61A7A7904 /* Pods-Smack.release.xcconfig */ = {isa = PBXFileReference; includeInIndex = 1; lastKnownFileType = text.xcconfig; name = "Pods-Smack.release.xcconfig"; path = "Pods/Target Support Files/Pods-Smack/Pods-Smack.release.xcconfig"; sourceTree = "<group>"; };
		AF720E8BB0C3C58BE65A6D5B /* Pods-Smack.debug.xcconfig */ = {isa = PBXFileReference; includeInIndex = 1; lastKnownFileType = text.xcconfig; name = "Pods-Smack.debug.xcconfig"; path = "Pods/Target Support Files/Pods-Smack/Pods-Smack.debug.xcconfig"; sourceTree = "<group>"; };
		E40C0C081F427FF500D11187 /* ProfileVC.swift */ = {isa = PBXFileReference; lastKnownFileType = sourcecode.swift; path = ProfileVC.swift; sourceTree = "<group>"; };
		E40C0C091F427FF500D11187 /* ProfileVC.xib */ = {isa = PBXFileReference; lastKnownFileType = file.xib; path = ProfileVC.xib; sourceTree = "<group>"; };
		E40CB8DA1F4462B4002E6C6A /* MessageService.swift */ = {isa = PBXFileReference; lastKnownFileType = sourcecode.swift; path = MessageService.swift; sourceTree = "<group>"; };
		E40CB8DC1F4462E3002E6C6A /* Channel.swift */ = {isa = PBXFileReference; lastKnownFileType = sourcecode.swift; path = Channel.swift; sourceTree = "<group>"; };
		E40CB8DE1F4468DF002E6C6A /* ChannelCell.swift */ = {isa = PBXFileReference; lastKnownFileType = sourcecode.swift; path = ChannelCell.swift; sourceTree = "<group>"; };
		E40CB8E01F447C44002E6C6A /* AddChannelVC.swift */ = {isa = PBXFileReference; lastKnownFileType = sourcecode.swift; path = AddChannelVC.swift; sourceTree = "<group>"; };
		E40CB8E11F447C44002E6C6A /* AddChannelVC.xib */ = {isa = PBXFileReference; lastKnownFileType = file.xib; path = AddChannelVC.xib; sourceTree = "<group>"; };
		E4330CF31F3B56F800B021BE /* Constants.swift */ = {isa = PBXFileReference; lastKnownFileType = sourcecode.swift; path = Constants.swift; sourceTree = "<group>"; };
		E4330CF51F3B5C9000B021BE /* LoginVC.swift */ = {isa = PBXFileReference; lastKnownFileType = sourcecode.swift; path = LoginVC.swift; sourceTree = "<group>"; };
		E436CD1F1F3F892C008F2541 /* AuthService.swift */ = {isa = PBXFileReference; lastKnownFileType = sourcecode.swift; path = AuthService.swift; sourceTree = "<group>"; };
		E436CD211F3FD83F008F2541 /* RoundedButton.swift */ = {isa = PBXFileReference; lastKnownFileType = sourcecode.swift; path = RoundedButton.swift; sourceTree = "<group>"; };
		E46E1F5F1F4124CA000D3535 /* CircleImage.swift */ = {isa = PBXFileReference; lastKnownFileType = sourcecode.swift; path = CircleImage.swift; sourceTree = "<group>"; };
		E47693961F44D3DB004ECADA /* SocketService.swift */ = {isa = PBXFileReference; lastKnownFileType = sourcecode.swift; path = SocketService.swift; sourceTree = "<group>"; };
		E48202081F3A597700E32509 /* Smack.app */ = {isa = PBXFileReference; explicitFileType = wrapper.application; includeInIndex = 0; path = Smack.app; sourceTree = BUILT_PRODUCTS_DIR; };
		E482020B1F3A597700E32509 /* AppDelegate.swift */ = {isa = PBXFileReference; lastKnownFileType = sourcecode.swift; path = AppDelegate.swift; sourceTree = "<group>"; };
		E48202101F3A597700E32509 /* Base */ = {isa = PBXFileReference; lastKnownFileType = file.storyboard; name = Base; path = Base.lproj/Main.storyboard; sourceTree = "<group>"; };
		E48202121F3A597700E32509 /* Assets.xcassets */ = {isa = PBXFileReference; lastKnownFileType = folder.assetcatalog; path = Assets.xcassets; sourceTree = "<group>"; };
		E48202151F3A597700E32509 /* Base */ = {isa = PBXFileReference; lastKnownFileType = file.storyboard; name = Base; path = Base.lproj/LaunchScreen.storyboard; sourceTree = "<group>"; };
		E48202171F3A597700E32509 /* Info.plist */ = {isa = PBXFileReference; lastKnownFileType = text.plist.xml; path = Info.plist; sourceTree = "<group>"; };
		E482021E1F3A5A3E00E32509 /* Smack-Bridging-Header.h */ = {isa = PBXFileReference; lastKnownFileType = sourcecode.c.h; path = "Smack-Bridging-Header.h"; sourceTree = "<group>"; };
		E482021F1F3A5A3F00E32509 /* SWRevealViewController.h */ = {isa = PBXFileReference; lastKnownFileType = sourcecode.c.h; path = SWRevealViewController.h; sourceTree = "<group>"; };
		E48202201F3A5A3F00E32509 /* SWRevealViewController.m */ = {isa = PBXFileReference; lastKnownFileType = sourcecode.c.objc; path = SWRevealViewController.m; sourceTree = "<group>"; };
		E48202241F3A5B3600E32509 /* ChatVC.swift */ = {isa = PBXFileReference; lastKnownFileType = sourcecode.swift; path = ChatVC.swift; sourceTree = "<group>"; };
		E48202261F3A5B4700E32509 /* ChannelVC.swift */ = {isa = PBXFileReference; lastKnownFileType = sourcecode.swift; path = ChannelVC.swift; sourceTree = "<group>"; };
		E48202291F3AA7F800E32509 /* GradientView.swift */ = {isa = PBXFileReference; lastKnownFileType = sourcecode.swift; path = GradientView.swift; sourceTree = "<group>"; };
		E497813F1F45794A0052FD7A /* Message.swift */ = {isa = PBXFileReference; lastKnownFileType = sourcecode.swift; path = Message.swift; sourceTree = "<group>"; };
		E4D3076D1F3BDF340058205D /* CreateAccountVC.swift */ = {isa = PBXFileReference; lastKnownFileType = sourcecode.swift; path = CreateAccountVC.swift; sourceTree = "<group>"; };
		E4EE0C9E1F40E282007A9A4E /* UserDataService.swift */ = {isa = PBXFileReference; lastKnownFileType = sourcecode.swift; path = UserDataService.swift; sourceTree = "<group>"; };
		E4EE0CA01F40F11F007A9A4E /* AvatarPickerVC.swift */ = {isa = PBXFileReference; lastKnownFileType = sourcecode.swift; path = AvatarPickerVC.swift; sourceTree = "<group>"; };
		E4EE0CA21F40F2A5007A9A4E /* AvatarCell.swift */ = {isa = PBXFileReference; lastKnownFileType = sourcecode.swift; path = AvatarCell.swift; sourceTree = "<group>"; };
/* End PBXFileReference section */

/* Begin PBXFrameworksBuildPhase section */
		E48202051F3A597700E32509 /* Frameworks */ = {
			isa = PBXFrameworksBuildPhase;
			buildActionMask = 2147483647;
			files = (
				4AE4BB5A1EAD4B19843EC84A /* Pods_Smack.framework in Frameworks */,
			);
			runOnlyForDeploymentPostprocessing = 0;
		};
/* End PBXFrameworksBuildPhase section */

/* Begin PBXGroup section */
		3393733D562501760A1B3C85 /* Frameworks */ = {
			isa = PBXGroup;
			children = (
				0CA9A387D0B63F1AB3916F92 /* Pods_Smack.framework */,
			);
			name = Frameworks;
			sourceTree = "<group>";
		};
		94F3EEB8AE57AA5DC7B54D10 /* Pods */ = {
			isa = PBXGroup;
			children = (
				AF720E8BB0C3C58BE65A6D5B /* Pods-Smack.debug.xcconfig */,
				7778A37BF78B79B61A7A7904 /* Pods-Smack.release.xcconfig */,
			);
			name = Pods;
			sourceTree = "<group>";
		};
		E40C0C0C1F42802600D11187 /* XIBs */ = {
			isa = PBXGroup;
			children = (
				E40C0C091F427FF500D11187 /* ProfileVC.xib */,
				E40CB8E11F447C44002E6C6A /* AddChannelVC.xib */,
			);
			path = XIBs;
			sourceTree = "<group>";
		};
		E4330CF21F3B56DC00B021BE /* Utilities */ = {
			isa = PBXGroup;
			children = (
				E4330CF31F3B56F800B021BE /* Constants.swift */,
			);
			path = Utilities;
			sourceTree = "<group>";
		};
		E436CD1E1F3F890F008F2541 /* Services */ = {
			isa = PBXGroup;
			children = (
				E436CD1F1F3F892C008F2541 /* AuthService.swift */,
				E4EE0C9E1F40E282007A9A4E /* UserDataService.swift */,
				E40CB8DA1F4462B4002E6C6A /* MessageService.swift */,
				E47693961F44D3DB004ECADA /* SocketService.swift */,
			);
			path = Services;
			sourceTree = "<group>";
		};
		E48201FF1F3A597700E32509 = {
			isa = PBXGroup;
			children = (
				E482020A1F3A597700E32509 /* Smack */,
				E48202091F3A597700E32509 /* Products */,
				94F3EEB8AE57AA5DC7B54D10 /* Pods */,
				3393733D562501760A1B3C85 /* Frameworks */,
			);
			sourceTree = "<group>";
		};
		E48202091F3A597700E32509 /* Products */ = {
			isa = PBXGroup;
			children = (
				E48202081F3A597700E32509 /* Smack.app */,
			);
			name = Products;
			sourceTree = "<group>";
		};
		E482020A1F3A597700E32509 /* Smack */ = {
			isa = PBXGroup;
			children = (
				E40C0C0C1F42802600D11187 /* XIBs */,
				E436CD1E1F3F890F008F2541 /* Services */,
				E4330CF21F3B56DC00B021BE /* Utilities */,
				E48202231F3A5B2600E32509 /* Model */,
				E48202221F3A5B1D00E32509 /* View */,
				E48202211F3A5B1200E32509 /* Controller */,
				E482021D1F3A5A2A00E32509 /* Supporting Files */,
				E482020B1F3A597700E32509 /* AppDelegate.swift */,
				E482020F1F3A597700E32509 /* Main.storyboard */,
				E48202121F3A597700E32509 /* Assets.xcassets */,
				E48202141F3A597700E32509 /* LaunchScreen.storyboard */,
				E48202171F3A597700E32509 /* Info.plist */,
			);
			path = Smack;
			sourceTree = "<group>";
		};
		E482021D1F3A5A2A00E32509 /* Supporting Files */ = {
			isa = PBXGroup;
			children = (
				E482021F1F3A5A3F00E32509 /* SWRevealViewController.h */,
				E48202201F3A5A3F00E32509 /* SWRevealViewController.m */,
				E482021E1F3A5A3E00E32509 /* Smack-Bridging-Header.h */,
			);
			path = "Supporting Files";
			sourceTree = "<group>";
		};
		E48202211F3A5B1200E32509 /* Controller */ = {
			isa = PBXGroup;
			children = (
				E48202241F3A5B3600E32509 /* ChatVC.swift */,
				E48202261F3A5B4700E32509 /* ChannelVC.swift */,
				E4330CF51F3B5C9000B021BE /* LoginVC.swift */,
				E4D3076D1F3BDF340058205D /* CreateAccountVC.swift */,
				E4EE0CA01F40F11F007A9A4E /* AvatarPickerVC.swift */,
				E40C0C081F427FF500D11187 /* ProfileVC.swift */,
				E40CB8E01F447C44002E6C6A /* AddChannelVC.swift */,
			);
			path = Controller;
			sourceTree = "<group>";
		};
		E48202221F3A5B1D00E32509 /* View */ = {
			isa = PBXGroup;
			children = (
				E48202291F3AA7F800E32509 /* GradientView.swift */,
				E436CD211F3FD83F008F2541 /* RoundedButton.swift */,
				E4EE0CA21F40F2A5007A9A4E /* AvatarCell.swift */,
				E46E1F5F1F4124CA000D3535 /* CircleImage.swift */,
				E40CB8DE1F4468DF002E6C6A /* ChannelCell.swift */,
			);
			path = View;
			sourceTree = "<group>";
		};
		E48202231F3A5B2600E32509 /* Model */ = {
			isa = PBXGroup;
			children = (
				E40CB8DC1F4462E3002E6C6A /* Channel.swift */,
				E497813F1F45794A0052FD7A /* Message.swift */,
			);
			path = Model;
			sourceTree = "<group>";
		};
/* End PBXGroup section */

/* Begin PBXNativeTarget section */
		E48202071F3A597700E32509 /* Smack */ = {
			isa = PBXNativeTarget;
			buildConfigurationList = E482021A1F3A597700E32509 /* Build configuration list for PBXNativeTarget "Smack" */;
			buildPhases = (
				77E5ECE1E2C00BB451F146C8 /* [CP] Check Pods Manifest.lock */,
				E48202041F3A597700E32509 /* Sources */,
				E48202051F3A597700E32509 /* Frameworks */,
				E48202061F3A597700E32509 /* Resources */,
				F08C82AD9C68CEEFD76FD12E /* [CP] Embed Pods Frameworks */,
				1FDBFFF651CFCBB11CDCEB7A /* [CP] Copy Pods Resources */,
			);
			buildRules = (
			);
			dependencies = (
			);
			name = Smack;
			productName = Smack;
			productReference = E48202081F3A597700E32509 /* Smack.app */;
			productType = "com.apple.product-type.application";
		};
/* End PBXNativeTarget section */

/* Begin PBXProject section */
		E48202001F3A597700E32509 /* Project object */ = {
			isa = PBXProject;
			attributes = {
				LastSwiftUpdateCheck = 0900;
				LastUpgradeCheck = 0900;
				ORGANIZATIONNAME = "Andrei-Sorin Blaj";
				TargetAttributes = {
					E48202071F3A597700E32509 = {
						CreatedOnToolsVersion = 9.0;
						LastSwiftMigration = 0900;
					};
				};
			};
			buildConfigurationList = E48202031F3A597700E32509 /* Build configuration list for PBXProject "Smack" */;
			compatibilityVersion = "Xcode 8.0";
			developmentRegion = en;
			hasScannedForEncodings = 0;
			knownRegions = (
				en,
				Base,
			);
			mainGroup = E48201FF1F3A597700E32509;
			productRefGroup = E48202091F3A597700E32509 /* Products */;
			projectDirPath = "";
			projectRoot = "";
			targets = (
				E48202071F3A597700E32509 /* Smack */,
			);
		};
/* End PBXProject section */

/* Begin PBXResourcesBuildPhase section */
		E48202061F3A597700E32509 /* Resources */ = {
			isa = PBXResourcesBuildPhase;
			buildActionMask = 2147483647;
			files = (
				E40CB8E31F447C44002E6C6A /* AddChannelVC.xib in Resources */,
				E40C0C0B1F427FF500D11187 /* ProfileVC.xib in Resources */,
				E48202161F3A597700E32509 /* LaunchScreen.storyboard in Resources */,
				E48202131F3A597700E32509 /* Assets.xcassets in Resources */,
				E48202111F3A597700E32509 /* Main.storyboard in Resources */,
			);
			runOnlyForDeploymentPostprocessing = 0;
		};
/* End PBXResourcesBuildPhase section */

/* Begin PBXShellScriptBuildPhase section */
		1FDBFFF651CFCBB11CDCEB7A /* [CP] Copy Pods Resources */ = {
			isa = PBXShellScriptBuildPhase;
			buildActionMask = 2147483647;
			files = (
			);
			inputPaths = (
			);
			name = "[CP] Copy Pods Resources";
			outputPaths = (
			);
			runOnlyForDeploymentPostprocessing = 0;
			shellPath = /bin/sh;
			shellScript = "\"${SRCROOT}/Pods/Target Support Files/Pods-Smack/Pods-Smack-resources.sh\"\n";
			showEnvVarsInLog = 0;
		};
		77E5ECE1E2C00BB451F146C8 /* [CP] Check Pods Manifest.lock */ = {
			isa = PBXShellScriptBuildPhase;
			buildActionMask = 2147483647;
			files = (
			);
			inputPaths = (
			);
			name = "[CP] Check Pods Manifest.lock";
			outputPaths = (
			);
			runOnlyForDeploymentPostprocessing = 0;
			shellPath = /bin/sh;
			shellScript = "diff \"${PODS_ROOT}/../Podfile.lock\" \"${PODS_ROOT}/Manifest.lock\" > /dev/null\nif [ $? != 0 ] ; then\n    # print error to STDERR\n    echo \"error: The sandbox is not in sync with the Podfile.lock. Run 'pod install' or update your CocoaPods installation.\" >&2\n    exit 1\nfi\n";
			showEnvVarsInLog = 0;
		};
		F08C82AD9C68CEEFD76FD12E /* [CP] Embed Pods Frameworks */ = {
			isa = PBXShellScriptBuildPhase;
			buildActionMask = 2147483647;
			files = (
			);
			inputPaths = (
			);
			name = "[CP] Embed Pods Frameworks";
			outputPaths = (
			);
			runOnlyForDeploymentPostprocessing = 0;
			shellPath = /bin/sh;
			shellScript = "\"${SRCROOT}/Pods/Target Support Files/Pods-Smack/Pods-Smack-frameworks.sh\"\n";
			showEnvVarsInLog = 0;
		};
/* End PBXShellScriptBuildPhase section */

/* Begin PBXSourcesBuildPhase section */
		E48202041F3A597700E32509 /* Sources */ = {
			isa = PBXSourcesBuildPhase;
			buildActionMask = 2147483647;
			files = (
				E47693971F44D3DB004ECADA /* SocketService.swift in Sources */,
				E40C0C0A1F427FF500D11187 /* ProfileVC.swift in Sources */,
				E40CB8DF1F4468E0002E6C6A /* ChannelCell.swift in Sources */,
				E48202251F3A5B3600E32509 /* ChatVC.swift in Sources */,
				E4EE0CA11F40F11F007A9A4E /* AvatarPickerVC.swift in Sources */,
				E436CD221F3FD83F008F2541 /* RoundedButton.swift in Sources */,
				E49781401F45794A0052FD7A /* Message.swift in Sources */,
				E40CB8DD1F4462E3002E6C6A /* Channel.swift in Sources */,
				E46E1F601F4124CA000D3535 /* CircleImage.swift in Sources */,
				E40CB8DB1F4462B4002E6C6A /* MessageService.swift in Sources */,
				E48202271F3A5B4700E32509 /* ChannelVC.swift in Sources */,
				E4EE0C9F1F40E282007A9A4E /* UserDataService.swift in Sources */,
				E4D3076E1F3BDF340058205D /* CreateAccountVC.swift in Sources */,
				E436CD201F3F892C008F2541 /* AuthService.swift in Sources */,
				E4330CF61F3B5C9000B021BE /* LoginVC.swift in Sources */,
				E40CB8E21F447C44002E6C6A /* AddChannelVC.swift in Sources */,
				E482022A1F3AA7F800E32509 /* GradientView.swift in Sources */,
				E4EE0CA31F40F2A5007A9A4E /* AvatarCell.swift in Sources */,
				E482020C1F3A597700E32509 /* AppDelegate.swift in Sources */,
				E48202281F3A5F1F00E32509 /* SWRevealViewController.m in Sources */,
				E4330CF41F3B56F800B021BE /* Constants.swift in Sources */,
			);
			runOnlyForDeploymentPostprocessing = 0;
		};
/* End PBXSourcesBuildPhase section */

/* Begin PBXVariantGroup section */
		E482020F1F3A597700E32509 /* Main.storyboard */ = {
			isa = PBXVariantGroup;
			children = (
				E48202101F3A597700E32509 /* Base */,
			);
			name = Main.storyboard;
			sourceTree = "<group>";
		};
		E48202141F3A597700E32509 /* LaunchScreen.storyboard */ = {
			isa = PBXVariantGroup;
			children = (
				E48202151F3A597700E32509 /* Base */,
			);
			name = LaunchScreen.storyboard;
			sourceTree = "<group>";
		};
/* End PBXVariantGroup section */

/* Begin XCBuildConfiguration section */
		E48202181F3A597700E32509 /* Debug */ = {
			isa = XCBuildConfiguration;
			buildSettings = {
				ALWAYS_SEARCH_USER_PATHS = NO;
				CLANG_ANALYZER_NONNULL = YES;
				CLANG_ANALYZER_NUMBER_OBJECT_CONVERSION = YES_AGGRESSIVE;
				CLANG_CXX_LANGUAGE_STANDARD = "gnu++14";
				CLANG_CXX_LIBRARY = "libc++";
				CLANG_ENABLE_MODULES = YES;
				CLANG_ENABLE_OBJC_ARC = YES;
				CLANG_WARN_BLOCK_CAPTURE_AUTORELEASING = YES;
				CLANG_WARN_BOOL_CONVERSION = YES;
				CLANG_WARN_COMMA = YES;
				CLANG_WARN_CONSTANT_CONVERSION = YES;
				CLANG_WARN_DIRECT_OBJC_ISA_USAGE = YES_ERROR;
				CLANG_WARN_DOCUMENTATION_COMMENTS = YES;
				CLANG_WARN_EMPTY_BODY = YES;
				CLANG_WARN_ENUM_CONVERSION = YES;
				CLANG_WARN_INFINITE_RECURSION = YES;
				CLANG_WARN_INT_CONVERSION = YES;
				CLANG_WARN_NON_LITERAL_NULL_CONVERSION = YES;
				CLANG_WARN_OBJC_LITERAL_CONVERSION = YES;
				CLANG_WARN_OBJC_ROOT_CLASS = YES_ERROR;
				CLANG_WARN_RANGE_LOOP_ANALYSIS = YES;
				CLANG_WARN_STRICT_PROTOTYPES = YES;
				CLANG_WARN_SUSPICIOUS_MOVE = YES;
				CLANG_WARN_UNGUARDED_AVAILABILITY = YES_AGGRESSIVE;
				CLANG_WARN_UNREACHABLE_CODE = YES;
				CLANG_WARN__DUPLICATE_METHOD_MATCH = YES;
				CODE_SIGN_IDENTITY = "iPhone Developer";
				COPY_PHASE_STRIP = NO;
				DEBUG_INFORMATION_FORMAT = dwarf;
				ENABLE_STRICT_OBJC_MSGSEND = YES;
				ENABLE_TESTABILITY = YES;
				GCC_C_LANGUAGE_STANDARD = gnu11;
				GCC_DYNAMIC_NO_PIC = NO;
				GCC_NO_COMMON_BLOCKS = YES;
				GCC_OPTIMIZATION_LEVEL = 0;
				GCC_PREPROCESSOR_DEFINITIONS = (
					"DEBUG=1",
					"$(inherited)",
				);
				GCC_WARN_64_TO_32_BIT_CONVERSION = YES;
				GCC_WARN_ABOUT_RETURN_TYPE = YES_ERROR;
				GCC_WARN_UNDECLARED_SELECTOR = YES;
				GCC_WARN_UNINITIALIZED_AUTOS = YES_AGGRESSIVE;
				GCC_WARN_UNUSED_FUNCTION = YES;
				GCC_WARN_UNUSED_VARIABLE = YES;
				IPHONEOS_DEPLOYMENT_TARGET = 11.0;
				MTL_ENABLE_DEBUG_INFO = YES;
				ONLY_ACTIVE_ARCH = YES;
				SDKROOT = iphoneos;
				SWIFT_ACTIVE_COMPILATION_CONDITIONS = DEBUG;
				SWIFT_OPTIMIZATION_LEVEL = "-Onone";
			};
			name = Debug;
		};
		E48202191F3A597700E32509 /* Release */ = {
			isa = XCBuildConfiguration;
			buildSettings = {
				ALWAYS_SEARCH_USER_PATHS = NO;
				CLANG_ANALYZER_NONNULL = YES;
				CLANG_ANALYZER_NUMBER_OBJECT_CONVERSION = YES_AGGRESSIVE;
				CLANG_CXX_LANGUAGE_STANDARD = "gnu++14";
				CLANG_CXX_LIBRARY = "libc++";
				CLANG_ENABLE_MODULES = YES;
				CLANG_ENABLE_OBJC_ARC = YES;
				CLANG_WARN_BLOCK_CAPTURE_AUTORELEASING = YES;
				CLANG_WARN_BOOL_CONVERSION = YES;
				CLANG_WARN_COMMA = YES;
				CLANG_WARN_CONSTANT_CONVERSION = YES;
				CLANG_WARN_DIRECT_OBJC_ISA_USAGE = YES_ERROR;
				CLANG_WARN_DOCUMENTATION_COMMENTS = YES;
				CLANG_WARN_EMPTY_BODY = YES;
				CLANG_WARN_ENUM_CONVERSION = YES;
				CLANG_WARN_INFINITE_RECURSION = YES;
				CLANG_WARN_INT_CONVERSION = YES;
				CLANG_WARN_NON_LITERAL_NULL_CONVERSION = YES;
				CLANG_WARN_OBJC_LITERAL_CONVERSION = YES;
				CLANG_WARN_OBJC_ROOT_CLASS = YES_ERROR;
				CLANG_WARN_RANGE_LOOP_ANALYSIS = YES;
				CLANG_WARN_STRICT_PROTOTYPES = YES;
				CLANG_WARN_SUSPICIOUS_MOVE = YES;
				CLANG_WARN_UNGUARDED_AVAILABILITY = YES_AGGRESSIVE;
				CLANG_WARN_UNREACHABLE_CODE = YES;
				CLANG_WARN__DUPLICATE_METHOD_MATCH = YES;
				CODE_SIGN_IDENTITY = "iPhone Developer";
				COPY_PHASE_STRIP = NO;
				DEBUG_INFORMATION_FORMAT = "dwarf-with-dsym";
				ENABLE_NS_ASSERTIONS = NO;
				ENABLE_STRICT_OBJC_MSGSEND = YES;
				GCC_C_LANGUAGE_STANDARD = gnu11;
				GCC_NO_COMMON_BLOCKS = YES;
				GCC_WARN_64_TO_32_BIT_CONVERSION = YES;
				GCC_WARN_ABOUT_RETURN_TYPE = YES_ERROR;
				GCC_WARN_UNDECLARED_SELECTOR = YES;
				GCC_WARN_UNINITIALIZED_AUTOS = YES_AGGRESSIVE;
				GCC_WARN_UNUSED_FUNCTION = YES;
				GCC_WARN_UNUSED_VARIABLE = YES;
				IPHONEOS_DEPLOYMENT_TARGET = 11.0;
				MTL_ENABLE_DEBUG_INFO = NO;
				SDKROOT = iphoneos;
				SWIFT_OPTIMIZATION_LEVEL = "-Owholemodule";
				VALIDATE_PRODUCT = YES;
			};
			name = Release;
		};
		E482021B1F3A597700E32509 /* Debug */ = {
			isa = XCBuildConfiguration;
			baseConfigurationReference = AF720E8BB0C3C58BE65A6D5B /* Pods-Smack.debug.xcconfig */;
			buildSettings = {
				ASSETCATALOG_COMPILER_APPICON_NAME = AppIcon;
				CLANG_ENABLE_MODULES = YES;
				INFOPLIST_FILE = Smack/Info.plist;
				LD_RUNPATH_SEARCH_PATHS = "$(inherited) @executable_path/Frameworks";
				PRODUCT_BUNDLE_IDENTIFIER = "Andrei-Sorin-Blaj.Smack";
				PRODUCT_NAME = "$(TARGET_NAME)";
				SWIFT_OBJC_BRIDGING_HEADER = "Smack/Supporting Files/Smack-Bridging-Header.h";
				SWIFT_OPTIMIZATION_LEVEL = "-Onone";
				SWIFT_VERSION = 4.0;
				TARGETED_DEVICE_FAMILY = "1,2";
			};
			name = Debug;
		};
		E482021C1F3A597700E32509 /* Release */ = {
			isa = XCBuildConfiguration;
			baseConfigurationReference = 7778A37BF78B79B61A7A7904 /* Pods-Smack.release.xcconfig */;
			buildSettings = {
				ASSETCATALOG_COMPILER_APPICON_NAME = AppIcon;
				CLANG_ENABLE_MODULES = YES;
				INFOPLIST_FILE = Smack/Info.plist;
				LD_RUNPATH_SEARCH_PATHS = "$(inherited) @executable_path/Frameworks";
				PRODUCT_BUNDLE_IDENTIFIER = "Andrei-Sorin-Blaj.Smack";
				PRODUCT_NAME = "$(TARGET_NAME)";
				SWIFT_OBJC_BRIDGING_HEADER = "Smack/Supporting Files/Smack-Bridging-Header.h";
				SWIFT_VERSION = 4.0;
				TARGETED_DEVICE_FAMILY = "1,2";
			};
			name = Release;
		};
/* End XCBuildConfiguration section */

/* Begin XCConfigurationList section */
		E48202031F3A597700E32509 /* Build configuration list for PBXProject "Smack" */ = {
			isa = XCConfigurationList;
			buildConfigurations = (
				E48202181F3A597700E32509 /* Debug */,
				E48202191F3A597700E32509 /* Release */,
			);
			defaultConfigurationIsVisible = 0;
			defaultConfigurationName = Release;
		};
		E482021A1F3A597700E32509 /* Build configuration list for PBXNativeTarget "Smack" */ = {
			isa = XCConfigurationList;
			buildConfigurations = (
				E482021B1F3A597700E32509 /* Debug */,
				E482021C1F3A597700E32509 /* Release */,
			);
			defaultConfigurationIsVisible = 0;
			defaultConfigurationName = Release;
		};
/* End XCConfigurationList section */
	};
	rootObject = E48202001F3A597700E32509 /* Project object */;
}
