// !$*UTF8*$!
{
	archiveVersion = 1;
	classes = {
	};
	objectVersion = 48;
	objects = {

/* Begin PBXBuildFile section */
		E40DD0F21F2FD5FC00D42E73 /* Category.swift in Sources */ = {isa = PBXBuildFile; fileRef = E40DD0F11F2FD5FC00D42E73 /* Category.swift */; };
		E40DD0F51F2FD77B00D42E73 /* DataService.swift in Sources */ = {isa = PBXBuildFile; fileRef = E40DD0F41F2FD77B00D42E73 /* DataService.swift */; };
		E49F29F71F2FCFA300FBA29F /* AppDelegate.swift in Sources */ = {isa = PBXBuildFile; fileRef = E49F29F61F2FCFA300FBA29F /* AppDelegate.swift */; };
		E49F29F91F2FCFA300FBA29F /* CategoriesVC.swift in Sources */ = {isa = PBXBuildFile; fileRef = E49F29F81F2FCFA300FBA29F /* CategoriesVC.swift */; };
		E49F29FC1F2FCFA300FBA29F /* Main.storyboard in Resources */ = {isa = PBXBuildFile; fileRef = E49F29FA1F2FCFA300FBA29F /* Main.storyboard */; };
		E49F29FE1F2FCFA300FBA29F /* Assets.xcassets in Resources */ = {isa = PBXBuildFile; fileRef = E49F29FD1F2FCFA300FBA29F /* Assets.xcassets */; };
		E49F2A011F2FCFA300FBA29F /* LaunchScreen.storyboard in Resources */ = {isa = PBXBuildFile; fileRef = E49F29FF1F2FCFA300FBA29F /* LaunchScreen.storyboard */; };
		E49F2A0D1F2FD36400FBA29F /* CategoryCell.swift in Sources */ = {isa = PBXBuildFile; fileRef = E49F2A0C1F2FD36400FBA29F /* CategoryCell.swift */; };
/* End PBXBuildFile section */

/* Begin PBXFileReference section */
		E40DD0F11F2FD5FC00D42E73 /* Category.swift */ = {isa = PBXFileReference; lastKnownFileType = sourcecode.swift; path = Category.swift; sourceTree = "<group>"; };
		E40DD0F41F2FD77B00D42E73 /* DataService.swift */ = {isa = PBXFileReference; lastKnownFileType = sourcecode.swift; path = DataService.swift; sourceTree = "<group>"; };
		E49F29F31F2FCFA300FBA29F /* coder-swag.app */ = {isa = PBXFileReference; explicitFileType = wrapper.application; includeInIndex = 0; path = "coder-swag.app"; sourceTree = BUILT_PRODUCTS_DIR; };
		E49F29F61F2FCFA300FBA29F /* AppDelegate.swift */ = {isa = PBXFileReference; lastKnownFileType = sourcecode.swift; path = AppDelegate.swift; sourceTree = "<group>"; };
		E49F29F81F2FCFA300FBA29F /* CategoriesVC.swift */ = {isa = PBXFileReference; lastKnownFileType = sourcecode.swift; path = CategoriesVC.swift; sourceTree = "<group>"; };
		E49F29FB1F2FCFA300FBA29F /* Base */ = {isa = PBXFileReference; lastKnownFileType = file.storyboard; name = Base; path = Base.lproj/Main.storyboard; sourceTree = "<group>"; };
		E49F29FD1F2FCFA300FBA29F /* Assets.xcassets */ = {isa = PBXFileReference; lastKnownFileType = folder.assetcatalog; path = Assets.xcassets; sourceTree = "<group>"; };
		E49F2A001F2FCFA300FBA29F /* Base */ = {isa = PBXFileReference; lastKnownFileType = file.storyboard; name = Base; path = Base.lproj/LaunchScreen.storyboard; sourceTree = "<group>"; };
		E49F2A021F2FCFA300FBA29F /* Info.plist */ = {isa = PBXFileReference; lastKnownFileType = text.plist.xml; path = Info.plist; sourceTree = "<group>"; };
		E49F2A0C1F2FD36400FBA29F /* CategoryCell.swift */ = {isa = PBXFileReference; lastKnownFileType = sourcecode.swift; path = CategoryCell.swift; sourceTree = "<group>"; };
/* End PBXFileReference section */

/* Begin PBXFrameworksBuildPhase section */
		E49F29F01F2FCFA300FBA29F /* Frameworks */ = {
			isa = PBXFrameworksBuildPhase;
			buildActionMask = 2147483647;
			files = (
			);
			runOnlyForDeploymentPostprocessing = 0;
		};
/* End PBXFrameworksBuildPhase section */

/* Begin PBXGroup section */
		E40DD0F31F2FD76D00D42E73 /* Services */ = {
			isa = PBXGroup;
			children = (
				E40DD0F41F2FD77B00D42E73 /* DataService.swift */,
			);
			path = Services;
			sourceTree = "<group>";
		};
		E49F29EA1F2FCFA300FBA29F = {
			isa = PBXGroup;
			children = (
				E49F29F51F2FCFA300FBA29F /* coder-swag */,
				E49F29F41F2FCFA300FBA29F /* Products */,
			);
			sourceTree = "<group>";
		};
		E49F29F41F2FCFA300FBA29F /* Products */ = {
			isa = PBXGroup;
			children = (
				E49F29F31F2FCFA300FBA29F /* coder-swag.app */,
			);
			name = Products;
			sourceTree = "<group>";
		};
		E49F29F51F2FCFA300FBA29F /* coder-swag */ = {
			isa = PBXGroup;
			children = (
				E40DD0F31F2FD76D00D42E73 /* Services */,
				E49F2A0A1F2FD2F600FBA29F /* Model */,
				E49F2A0B1F2FD30100FBA29F /* View */,
				E49F2A081F2FD2E700FBA29F /* Controller */,
				E49F29F61F2FCFA300FBA29F /* AppDelegate.swift */,
				E49F29FA1F2FCFA300FBA29F /* Main.storyboard */,
				E49F29FD1F2FCFA300FBA29F /* Assets.xcassets */,
				E49F29FF1F2FCFA300FBA29F /* LaunchScreen.storyboard */,
				E49F2A021F2FCFA300FBA29F /* Info.plist */,
			);
			path = "coder-swag";
			sourceTree = "<group>";
		};
		E49F2A081F2FD2E700FBA29F /* Controller */ = {
			isa = PBXGroup;
			children = (
				E49F29F81F2FCFA300FBA29F /* CategoriesVC.swift */,
			);
			path = Controller;
			sourceTree = "<group>";
		};
		E49F2A0A1F2FD2F600FBA29F /* Model */ = {
			isa = PBXGroup;
			children = (
				E40DD0F11F2FD5FC00D42E73 /* Category.swift */,
			);
			path = Model;
			sourceTree = "<group>";
		};
		E49F2A0B1F2FD30100FBA29F /* View */ = {
			isa = PBXGroup;
			children = (
				E49F2A0C1F2FD36400FBA29F /* CategoryCell.swift */,
			);
			path = View;
			sourceTree = "<group>";
		};
/* End PBXGroup section */

/* Begin PBXNativeTarget section */
		E49F29F21F2FCFA300FBA29F /* coder-swag */ = {
			isa = PBXNativeTarget;
			buildConfigurationList = E49F2A051F2FCFA300FBA29F /* Build configuration list for PBXNativeTarget "coder-swag" */;
			buildPhases = (
				E49F29EF1F2FCFA300FBA29F /* Sources */,
				E49F29F01F2FCFA300FBA29F /* Frameworks */,
				E49F29F11F2FCFA300FBA29F /* Resources */,
			);
			buildRules = (
			);
			dependencies = (
			);
			name = "coder-swag";
			productName = "coder-swag";
			productReference = E49F29F31F2FCFA300FBA29F /* coder-swag.app */;
			productType = "com.apple.product-type.application";
		};
/* End PBXNativeTarget section */

/* Begin PBXProject section */
		E49F29EB1F2FCFA300FBA29F /* Project object */ = {
			isa = PBXProject;
			attributes = {
				LastSwiftUpdateCheck = 0900;
				LastUpgradeCheck = 0900;
				ORGANIZATIONNAME = "Andrei-Sorin Blaj";
				TargetAttributes = {
					E49F29F21F2FCFA300FBA29F = {
						CreatedOnToolsVersion = 9.0;
					};
				};
			};
			buildConfigurationList = E49F29EE1F2FCFA300FBA29F /* Build configuration list for PBXProject "coder-swag" */;
			compatibilityVersion = "Xcode 8.0";
			developmentRegion = en;
			hasScannedForEncodings = 0;
			knownRegions = (
				en,
				Base,
			);
			mainGroup = E49F29EA1F2FCFA300FBA29F;
			productRefGroup = E49F29F41F2FCFA300FBA29F /* Products */;
			projectDirPath = "";
			projectRoot = "";
			targets = (
				E49F29F21F2FCFA300FBA29F /* coder-swag */,
			);
		};
/* End PBXProject section */

/* Begin PBXResourcesBuildPhase section */
		E49F29F11F2FCFA300FBA29F /* Resources */ = {
			isa = PBXResourcesBuildPhase;
			buildActionMask = 2147483647;
			files = (
				E49F2A011F2FCFA300FBA29F /* LaunchScreen.storyboard in Resources */,
				E49F29FE1F2FCFA300FBA29F /* Assets.xcassets in Resources */,
				E49F29FC1F2FCFA300FBA29F /* Main.storyboard in Resources */,
			);
			runOnlyForDeploymentPostprocessing = 0;
		};
/* End PBXResourcesBuildPhase section */

/* Begin PBXSourcesBuildPhase section */
		E49F29EF1F2FCFA300FBA29F /* Sources */ = {
			isa = PBXSourcesBuildPhase;
			buildActionMask = 2147483647;
			files = (
				E49F29F91F2FCFA300FBA29F /* CategoriesVC.swift in Sources */,
				E49F29F71F2FCFA300FBA29F /* AppDelegate.swift in Sources */,
				E49F2A0D1F2FD36400FBA29F /* CategoryCell.swift in Sources */,
				E40DD0F21F2FD5FC00D42E73 /* Category.swift in Sources */,
				E40DD0F51F2FD77B00D42E73 /* DataService.swift in Sources */,
			);
			runOnlyForDeploymentPostprocessing = 0;
		};
/* End PBXSourcesBuildPhase section */

/* Begin PBXVariantGroup section */
		E49F29FA1F2FCFA300FBA29F /* Main.storyboard */ = {
			isa = PBXVariantGroup;
			children = (
				E49F29FB1F2FCFA300FBA29F /* Base */,
			);
			name = Main.storyboard;
			sourceTree = "<group>";
		};
		E49F29FF1F2FCFA300FBA29F /* LaunchScreen.storyboard */ = {
			isa = PBXVariantGroup;
			children = (
				E49F2A001F2FCFA300FBA29F /* Base */,
			);
			name = LaunchScreen.storyboard;
			sourceTree = "<group>";
		};
/* End PBXVariantGroup section */

/* Begin XCBuildConfiguration section */
		E49F2A031F2FCFA300FBA29F /* Debug */ = {
			isa = XCBuildConfiguration;
			buildSettings = {
				ALWAYS_SEARCH_USER_PATHS = NO;
				CLANG_ANALYZER_NONNULL = YES;
				CLANG_ANALYZER_NUMBER_OBJECT_CONVERSION = YES_AGGRESSIVE;
				CLANG_CXX_LANGUAGE_STANDARD = "gnu++14";
				CLANG_CXX_LIBRARY = "libc++";
				CLANG_ENABLE_MODULES = YES;
				CLANG_ENABLE_OBJC_ARC = YES;
				CLANG_WARN_BLOCK_CAPTURE_AUTORELEASING = YES;
				CLANG_WARN_BOOL_CONVERSION = YES;
				CLANG_WARN_COMMA = YES;
				CLANG_WARN_CONSTANT_CONVERSION = YES;
				CLANG_WARN_DIRECT_OBJC_ISA_USAGE = YES_ERROR;
				CLANG_WARN_DOCUMENTATION_COMMENTS = YES;
				CLANG_WARN_EMPTY_BODY = YES;
				CLANG_WARN_ENUM_CONVERSION = YES;
				CLANG_WARN_INFINITE_RECURSION = YES;
				CLANG_WARN_INT_CONVERSION = YES;
				CLANG_WARN_NON_LITERAL_NULL_CONVERSION = YES;
				CLANG_WARN_OBJC_LITERAL_CONVERSION = YES;
				CLANG_WARN_OBJC_ROOT_CLASS = YES_ERROR;
				CLANG_WARN_RANGE_LOOP_ANALYSIS = YES;
				CLANG_WARN_STRICT_PROTOTYPES = YES;
				CLANG_WARN_SUSPICIOUS_MOVE = YES;
				CLANG_WARN_UNGUARDED_AVAILABILITY = YES_AGGRESSIVE;
				CLANG_WARN_UNREACHABLE_CODE = YES;
				CLANG_WARN__DUPLICATE_METHOD_MATCH = YES;
				CODE_SIGN_IDENTITY = "iPhone Developer";
				COPY_PHASE_STRIP = NO;
				DEBUG_INFORMATION_FORMAT = dwarf;
				ENABLE_STRICT_OBJC_MSGSEND = YES;
				ENABLE_TESTABILITY = YES;
				GCC_C_LANGUAGE_STANDARD = gnu11;
				GCC_DYNAMIC_NO_PIC = NO;
				GCC_NO_COMMON_BLOCKS = YES;
				GCC_OPTIMIZATION_LEVEL = 0;
				GCC_PREPROCESSOR_DEFINITIONS = (
					"DEBUG=1",
					"$(inherited)",
				);
				GCC_WARN_64_TO_32_BIT_CONVERSION = YES;
				GCC_WARN_ABOUT_RETURN_TYPE = YES_ERROR;
				GCC_WARN_UNDECLARED_SELECTOR = YES;
				GCC_WARN_UNINITIALIZED_AUTOS = YES_AGGRESSIVE;
				GCC_WARN_UNUSED_FUNCTION = YES;
				GCC_WARN_UNUSED_VARIABLE = YES;
				IPHONEOS_DEPLOYMENT_TARGET = 11.0;
				MTL_ENABLE_DEBUG_INFO = YES;
				ONLY_ACTIVE_ARCH = YES;
				SDKROOT = iphoneos;
				SWIFT_ACTIVE_COMPILATION_CONDITIONS = DEBUG;
				SWIFT_OPTIMIZATION_LEVEL = "-Onone";
			};
			name = Debug;
		};
		E49F2A041F2FCFA300FBA29F /* Release */ = {
			isa = XCBuildConfiguration;
			buildSettings = {
				ALWAYS_SEARCH_USER_PATHS = NO;
				CLANG_ANALYZER_NONNULL = YES;
				CLANG_ANALYZER_NUMBER_OBJECT_CONVERSION = YES_AGGRESSIVE;
				CLANG_CXX_LANGUAGE_STANDARD = "gnu++14";
				CLANG_CXX_LIBRARY = "libc++";
				CLANG_ENABLE_MODULES = YES;
				CLANG_ENABLE_OBJC_ARC = YES;
				CLANG_WARN_BLOCK_CAPTURE_AUTORELEASING = YES;
				CLANG_WARN_BOOL_CONVERSION = YES;
				CLANG_WARN_COMMA = YES;
				CLANG_WARN_CONSTANT_CONVERSION = YES;
				CLANG_WARN_DIRECT_OBJC_ISA_USAGE = YES_ERROR;
				CLANG_WARN_DOCUMENTATION_COMMENTS = YES;
				CLANG_WARN_EMPTY_BODY = YES;
				CLANG_WARN_ENUM_CONVERSION = YES;
				CLANG_WARN_INFINITE_RECURSION = YES;
				CLANG_WARN_INT_CONVERSION = YES;
				CLANG_WARN_NON_LITERAL_NULL_CONVERSION = YES;
				CLANG_WARN_OBJC_LITERAL_CONVERSION = YES;
				CLANG_WARN_OBJC_ROOT_CLASS = YES_ERROR;
				CLANG_WARN_RANGE_LOOP_ANALYSIS = YES;
				CLANG_WARN_STRICT_PROTOTYPES = YES;
				CLANG_WARN_SUSPICIOUS_MOVE = YES;
				CLANG_WARN_UNGUARDED_AVAILABILITY = YES_AGGRESSIVE;
				CLANG_WARN_UNREACHABLE_CODE = YES;
				CLANG_WARN__DUPLICATE_METHOD_MATCH = YES;
				CODE_SIGN_IDENTITY = "iPhone Developer";
				COPY_PHASE_STRIP = NO;
				DEBUG_INFORMATION_FORMAT = "dwarf-with-dsym";
				ENABLE_NS_ASSERTIONS = NO;
				ENABLE_STRICT_OBJC_MSGSEND = YES;
				GCC_C_LANGUAGE_STANDARD = gnu11;
				GCC_NO_COMMON_BLOCKS = YES;
				GCC_WARN_64_TO_32_BIT_CONVERSION = YES;
				GCC_WARN_ABOUT_RETURN_TYPE = YES_ERROR;
				GCC_WARN_UNDECLARED_SELECTOR = YES;
				GCC_WARN_UNINITIALIZED_AUTOS = YES_AGGRESSIVE;
				GCC_WARN_UNUSED_FUNCTION = YES;
				GCC_WARN_UNUSED_VARIABLE = YES;
				IPHONEOS_DEPLOYMENT_TARGET = 11.0;
				MTL_ENABLE_DEBUG_INFO = NO;
				SDKROOT = iphoneos;
				SWIFT_OPTIMIZATION_LEVEL = "-Owholemodule";
				VALIDATE_PRODUCT = YES;
			};
			name = Release;
		};
		E49F2A061F2FCFA300FBA29F /* Debug */ = {
			isa = XCBuildConfiguration;
			buildSettings = {
				ASSETCATALOG_COMPILER_APPICON_NAME = AppIcon;
				INFOPLIST_FILE = "coder-swag/Info.plist";
				LD_RUNPATH_SEARCH_PATHS = "$(inherited) @executable_path/Frameworks";
				PRODUCT_BUNDLE_IDENTIFIER = "Andrei-Sorin-Blaj.coder-swag";
				PRODUCT_NAME = "$(TARGET_NAME)";
				SWIFT_VERSION = 4.0;
				TARGETED_DEVICE_FAMILY = "1,2";
			};
			name = Debug;
		};
		E49F2A071F2FCFA300FBA29F /* Release */ = {
			isa = XCBuildConfiguration;
			buildSettings = {
				ASSETCATALOG_COMPILER_APPICON_NAME = AppIcon;
				INFOPLIST_FILE = "coder-swag/Info.plist";
				LD_RUNPATH_SEARCH_PATHS = "$(inherited) @executable_path/Frameworks";
				PRODUCT_BUNDLE_IDENTIFIER = "Andrei-Sorin-Blaj.coder-swag";
				PRODUCT_NAME = "$(TARGET_NAME)";
				SWIFT_VERSION = 4.0;
				TARGETED_DEVICE_FAMILY = "1,2";
			};
			name = Release;
		};
/* End XCBuildConfiguration section */

/* Begin XCConfigurationList section */
		E49F29EE1F2FCFA300FBA29F /* Build configuration list for PBXProject "coder-swag" */ = {
			isa = XCConfigurationList;
			buildConfigurations = (
				E49F2A031F2FCFA300FBA29F /* Debug */,
				E49F2A041F2FCFA300FBA29F /* Release */,
			);
			defaultConfigurationIsVisible = 0;
			defaultConfigurationName = Release;
		};
		E49F2A051F2FCFA300FBA29F /* Build configuration list for PBXNativeTarget "coder-swag" */ = {
			isa = XCConfigurationList;
			buildConfigurations = (
				E49F2A061F2FCFA300FBA29F /* Debug */,
				E49F2A071F2FCFA300FBA29F /* Release */,
			);
			defaultConfigurationIsVisible = 0;
			defaultConfigurationName = Release;
		};
/* End XCConfigurationList section */
	};
	rootObject = E49F29EB1F2FCFA300FBA29F /* Project object */;
}
