// !$*UTF8*$!
{
	archiveVersion = 1;
	classes = {
	};
	objectVersion = 48;
	objects = {

/* Begin PBXBuildFile section */
		14D6FD1C900C980B4F3497EC /* Pods_Co__Administrator.framework in Frameworks */ = {isa = PBXBuildFile; fileRef = 54C709DAD911BB35B8722167 /* Pods_Co__Administrator.framework */; };
		E41C90921FDEAB9C00F5435E /* SessionsNetworkManager.swift in Sources */ = {isa = PBXBuildFile; fileRef = E41C90911FDEAB9C00F5435E /* SessionsNetworkManager.swift */; };
		E41E38201FDEF9A10040460C /* UsersNetworkManager.swift in Sources */ = {isa = PBXBuildFile; fileRef = E41E381F1FDEF9A10040460C /* UsersNetworkManager.swift */; };
		E41E38241FE08AF40040460C /* User.swift in Sources */ = {isa = PBXBuildFile; fileRef = E41E38231FE08AF40040460C /* User.swift */; };
		E43BBA851FE2AF0200E98C02 /* Enums.swift in Sources */ = {isa = PBXBuildFile; fileRef = E43BBA841FE2AF0200E98C02 /* Enums.swift */; };
		E4421C5D1FB21FBB0019BE68 /* AppDelegate.swift in Sources */ = {isa = PBXBuildFile; fileRef = E4421C5C1FB21FBB0019BE68 /* AppDelegate.swift */; };
		E4421C621FB21FBB0019BE68 /* Main.storyboard in Resources */ = {isa = PBXBuildFile; fileRef = E4421C601FB21FBB0019BE68 /* Main.storyboard */; };
		E4421C651FB21FBB0019BE68 /* Co__Administrator.xcdatamodeld in Sources */ = {isa = PBXBuildFile; fileRef = E4421C631FB21FBB0019BE68 /* Co__Administrator.xcdatamodeld */; };
		E4421C671FB21FBB0019BE68 /* Assets.xcassets in Resources */ = {isa = PBXBuildFile; fileRef = E4421C661FB21FBB0019BE68 /* Assets.xcassets */; };
		E4421C6A1FB21FBB0019BE68 /* LaunchScreen.storyboard in Resources */ = {isa = PBXBuildFile; fileRef = E4421C681FB21FBB0019BE68 /* LaunchScreen.storyboard */; };
		E443CCB91FE17C200008C6F4 /* Session.swift in Sources */ = {isa = PBXBuildFile; fileRef = E443CCB81FE17C200008C6F4 /* Session.swift */; };
		E444FE821FB36CDE007A69C6 /* SWRevealViewController.m in Sources */ = {isa = PBXBuildFile; fileRef = E444FE811FB36CDE007A69C6 /* SWRevealViewController.m */; };
		E444FE841FB39D46007A69C6 /* MainVC.swift in Sources */ = {isa = PBXBuildFile; fileRef = E444FE831FB39D46007A69C6 /* MainVC.swift */; };
		E444FE861FB39D5D007A69C6 /* SideMenuVC.swift in Sources */ = {isa = PBXBuildFile; fileRef = E444FE851FB39D5D007A69C6 /* SideMenuVC.swift */; };
		E499AA121FB4283900DFF3AA /* LoginVC.swift in Sources */ = {isa = PBXBuildFile; fileRef = E499AA111FB4283900DFF3AA /* LoginVC.swift */; };
		E499AA151FB42EB300DFF3AA /* Constants.swift in Sources */ = {isa = PBXBuildFile; fileRef = E499AA141FB42EB300DFF3AA /* Constants.swift */; };
		E4D699B11FE2A98300B89414 /* SideMenuCell.swift in Sources */ = {isa = PBXBuildFile; fileRef = E4D699B01FE2A98300B89414 /* SideMenuCell.swift */; };
/* End PBXBuildFile section */

/* Begin PBXFileReference section */
		54C709DAD911BB35B8722167 /* Pods_Co__Administrator.framework */ = {isa = PBXFileReference; explicitFileType = wrapper.framework; includeInIndex = 0; path = Pods_Co__Administrator.framework; sourceTree = BUILT_PRODUCTS_DIR; };
		738173F31562E11E63188F2F /* Pods-Co. Administrator.debug.xcconfig */ = {isa = PBXFileReference; includeInIndex = 1; lastKnownFileType = text.xcconfig; name = "Pods-Co. Administrator.debug.xcconfig"; path = "Pods/Target Support Files/Pods-Co. Administrator/Pods-Co. Administrator.debug.xcconfig"; sourceTree = "<group>"; };
		95458CCECA462E19645FC5F1 /* Pods-Co. Administrator.release.xcconfig */ = {isa = PBXFileReference; includeInIndex = 1; lastKnownFileType = text.xcconfig; name = "Pods-Co. Administrator.release.xcconfig"; path = "Pods/Target Support Files/Pods-Co. Administrator/Pods-Co. Administrator.release.xcconfig"; sourceTree = "<group>"; };
		E41C90911FDEAB9C00F5435E /* SessionsNetworkManager.swift */ = {isa = PBXFileReference; lastKnownFileType = sourcecode.swift; path = SessionsNetworkManager.swift; sourceTree = "<group>"; };
		E41E381F1FDEF9A10040460C /* UsersNetworkManager.swift */ = {isa = PBXFileReference; lastKnownFileType = sourcecode.swift; path = UsersNetworkManager.swift; sourceTree = "<group>"; };
		E41E38231FE08AF40040460C /* User.swift */ = {isa = PBXFileReference; lastKnownFileType = sourcecode.swift; path = User.swift; sourceTree = "<group>"; };
		E43BBA841FE2AF0200E98C02 /* Enums.swift */ = {isa = PBXFileReference; lastKnownFileType = sourcecode.swift; path = Enums.swift; sourceTree = "<group>"; };
		E4421C591FB21FBB0019BE68 /* Co. Administrator.app */ = {isa = PBXFileReference; explicitFileType = wrapper.application; includeInIndex = 0; path = "Co. Administrator.app"; sourceTree = BUILT_PRODUCTS_DIR; };
		E4421C5C1FB21FBB0019BE68 /* AppDelegate.swift */ = {isa = PBXFileReference; lastKnownFileType = sourcecode.swift; path = AppDelegate.swift; sourceTree = "<group>"; };
		E4421C611FB21FBB0019BE68 /* Base */ = {isa = PBXFileReference; lastKnownFileType = file.storyboard; name = Base; path = Base.lproj/Main.storyboard; sourceTree = "<group>"; };
		E4421C641FB21FBB0019BE68 /* Co__Administrator.xcdatamodel */ = {isa = PBXFileReference; lastKnownFileType = wrapper.xcdatamodel; path = Co__Administrator.xcdatamodel; sourceTree = "<group>"; };
		E4421C661FB21FBB0019BE68 /* Assets.xcassets */ = {isa = PBXFileReference; lastKnownFileType = folder.assetcatalog; path = Assets.xcassets; sourceTree = "<group>"; };
		E4421C691FB21FBB0019BE68 /* Base */ = {isa = PBXFileReference; lastKnownFileType = file.storyboard; name = Base; path = Base.lproj/LaunchScreen.storyboard; sourceTree = "<group>"; };
		E4421C6B1FB21FBB0019BE68 /* Info.plist */ = {isa = PBXFileReference; lastKnownFileType = text.plist.xml; path = Info.plist; sourceTree = "<group>"; };
		E443CCB81FE17C200008C6F4 /* Session.swift */ = {isa = PBXFileReference; lastKnownFileType = sourcecode.swift; path = Session.swift; sourceTree = "<group>"; };
		E444FE7F1FB36CDD007A69C6 /* Co. Administrator-Bridging-Header.h */ = {isa = PBXFileReference; lastKnownFileType = sourcecode.c.h; path = "Co. Administrator-Bridging-Header.h"; sourceTree = "<group>"; };
		E444FE801FB36CDE007A69C6 /* SWRevealViewController.h */ = {isa = PBXFileReference; fileEncoding = 4; lastKnownFileType = sourcecode.c.h; path = SWRevealViewController.h; sourceTree = "<group>"; };
		E444FE811FB36CDE007A69C6 /* SWRevealViewController.m */ = {isa = PBXFileReference; fileEncoding = 4; lastKnownFileType = sourcecode.c.objc; path = SWRevealViewController.m; sourceTree = "<group>"; };
		E444FE831FB39D46007A69C6 /* MainVC.swift */ = {isa = PBXFileReference; lastKnownFileType = sourcecode.swift; path = MainVC.swift; sourceTree = "<group>"; };
		E444FE851FB39D5D007A69C6 /* SideMenuVC.swift */ = {isa = PBXFileReference; lastKnownFileType = sourcecode.swift; path = SideMenuVC.swift; sourceTree = "<group>"; };
		E499AA111FB4283900DFF3AA /* LoginVC.swift */ = {isa = PBXFileReference; lastKnownFileType = sourcecode.swift; path = LoginVC.swift; sourceTree = "<group>"; };
		E499AA141FB42EB300DFF3AA /* Constants.swift */ = {isa = PBXFileReference; lastKnownFileType = sourcecode.swift; path = Constants.swift; sourceTree = "<group>"; };
		E4D699B01FE2A98300B89414 /* SideMenuCell.swift */ = {isa = PBXFileReference; lastKnownFileType = sourcecode.swift; path = SideMenuCell.swift; sourceTree = "<group>"; };
/* End PBXFileReference section */

/* Begin PBXFrameworksBuildPhase section */
		E4421C561FB21FBB0019BE68 /* Frameworks */ = {
			isa = PBXFrameworksBuildPhase;
			buildActionMask = 2147483647;
			files = (
				14D6FD1C900C980B4F3497EC /* Pods_Co__Administrator.framework in Frameworks */,
			);
			runOnlyForDeploymentPostprocessing = 0;
		};
/* End PBXFrameworksBuildPhase section */

/* Begin PBXGroup section */
		65EFE59B6AC5A4F85007DBEE /* Pods */ = {
			isa = PBXGroup;
			children = (
				738173F31562E11E63188F2F /* Pods-Co. Administrator.debug.xcconfig */,
				95458CCECA462E19645FC5F1 /* Pods-Co. Administrator.release.xcconfig */,
			);
			name = Pods;
			sourceTree = "<group>";
		};
		CE26E4592D068A7366E84D21 /* Frameworks */ = {
			isa = PBXGroup;
			children = (
				54C709DAD911BB35B8722167 /* Pods_Co__Administrator.framework */,
			);
			name = Frameworks;
			sourceTree = "<group>";
		};
		E41C90901FDEAB7D00F5435E /* Networking */ = {
			isa = PBXGroup;
			children = (
				E41C90911FDEAB9C00F5435E /* SessionsNetworkManager.swift */,
				E41E381F1FDEF9A10040460C /* UsersNetworkManager.swift */,
			);
			path = Networking;
			sourceTree = "<group>";
		};
		E4421C501FB21FBB0019BE68 = {
			isa = PBXGroup;
			children = (
				E4421C5B1FB21FBB0019BE68 /* Co. Administrator */,
				E4421C5A1FB21FBB0019BE68 /* Products */,
				65EFE59B6AC5A4F85007DBEE /* Pods */,
				CE26E4592D068A7366E84D21 /* Frameworks */,
			);
			sourceTree = "<group>";
		};
		E4421C5A1FB21FBB0019BE68 /* Products */ = {
			isa = PBXGroup;
			children = (
				E4421C591FB21FBB0019BE68 /* Co. Administrator.app */,
			);
			name = Products;
			sourceTree = "<group>";
		};
		E4421C5B1FB21FBB0019BE68 /* Co. Administrator */ = {
			isa = PBXGroup;
			children = (
				E443CCB71FE17C130008C6F4 /* Lib */,
				E41C90901FDEAB7D00F5435E /* Networking */,
				E499AA131FB42E9900DFF3AA /* Utilities */,
				E444FE7E1FB36CBD007A69C6 /* Supporting Files */,
				E444FE7B1FB36CA3007A69C6 /* Model */,
				E444FE7C1FB36CAA007A69C6 /* View */,
				E444FE7D1FB36CB6007A69C6 /* Controller */,
				E4421C5C1FB21FBB0019BE68 /* AppDelegate.swift */,
				E4421C601FB21FBB0019BE68 /* Main.storyboard */,
				E4421C661FB21FBB0019BE68 /* Assets.xcassets */,
				E4421C681FB21FBB0019BE68 /* LaunchScreen.storyboard */,
				E4421C6B1FB21FBB0019BE68 /* Info.plist */,
				E4421C631FB21FBB0019BE68 /* Co__Administrator.xcdatamodeld */,
			);
			path = "Co. Administrator";
			sourceTree = "<group>";
		};
		E443CCB71FE17C130008C6F4 /* Lib */ = {
			isa = PBXGroup;
			children = (
				E443CCB81FE17C200008C6F4 /* Session.swift */,
			);
			path = Lib;
			sourceTree = "<group>";
		};
		E444FE7B1FB36CA3007A69C6 /* Model */ = {
			isa = PBXGroup;
			children = (
				E41E38231FE08AF40040460C /* User.swift */,
			);
			path = Model;
			sourceTree = "<group>";
		};
		E444FE7C1FB36CAA007A69C6 /* View */ = {
			isa = PBXGroup;
			children = (
				E4D699B01FE2A98300B89414 /* SideMenuCell.swift */,
			);
			path = View;
			sourceTree = "<group>";
		};
		E444FE7D1FB36CB6007A69C6 /* Controller */ = {
			isa = PBXGroup;
			children = (
				E444FE831FB39D46007A69C6 /* MainVC.swift */,
				E444FE851FB39D5D007A69C6 /* SideMenuVC.swift */,
				E499AA111FB4283900DFF3AA /* LoginVC.swift */,
			);
			path = Controller;
			sourceTree = "<group>";
		};
		E444FE7E1FB36CBD007A69C6 /* Supporting Files */ = {
			isa = PBXGroup;
			children = (
				E444FE801FB36CDE007A69C6 /* SWRevealViewController.h */,
				E444FE811FB36CDE007A69C6 /* SWRevealViewController.m */,
				E444FE7F1FB36CDD007A69C6 /* Co. Administrator-Bridging-Header.h */,
			);
			path = "Supporting Files";
			sourceTree = "<group>";
		};
		E499AA131FB42E9900DFF3AA /* Utilities */ = {
			isa = PBXGroup;
			children = (
				E499AA141FB42EB300DFF3AA /* Constants.swift */,
				E43BBA841FE2AF0200E98C02 /* Enums.swift */,
			);
			path = Utilities;
			sourceTree = "<group>";
		};
/* End PBXGroup section */

/* Begin PBXNativeTarget section */
		E4421C581FB21FBB0019BE68 /* Co. Administrator */ = {
			isa = PBXNativeTarget;
			buildConfigurationList = E4421C6E1FB21FBB0019BE68 /* Build configuration list for PBXNativeTarget "Co. Administrator" */;
			buildPhases = (
				9100443BF4C0FE4A2458C10E /* [CP] Check Pods Manifest.lock */,
				E4421C551FB21FBB0019BE68 /* Sources */,
				E4421C561FB21FBB0019BE68 /* Frameworks */,
				E4421C571FB21FBB0019BE68 /* Resources */,
				288E0D1B4FBC0F153E221B6E /* [CP] Embed Pods Frameworks */,
				54C5F80C669A9796ECD8196D /* [CP] Copy Pods Resources */,
			);
			buildRules = (
			);
			dependencies = (
			);
			name = "Co. Administrator";
			productName = "Co. Administrator";
			productReference = E4421C591FB21FBB0019BE68 /* Co. Administrator.app */;
			productType = "com.apple.product-type.application";
		};
/* End PBXNativeTarget section */

/* Begin PBXProject section */
		E4421C511FB21FBB0019BE68 /* Project object */ = {
			isa = PBXProject;
			attributes = {
				LastSwiftUpdateCheck = 0910;
				LastUpgradeCheck = 0910;
				ORGANIZATIONNAME = "Andrei-Sorin Blaj";
				TargetAttributes = {
					E4421C581FB21FBB0019BE68 = {
						CreatedOnToolsVersion = 9.1;
						LastSwiftMigration = 0910;
						ProvisioningStyle = Automatic;
					};
				};
			};
			buildConfigurationList = E4421C541FB21FBB0019BE68 /* Build configuration list for PBXProject "Co. Administrator" */;
			compatibilityVersion = "Xcode 8.0";
			developmentRegion = en;
			hasScannedForEncodings = 0;
			knownRegions = (
				en,
				Base,
			);
			mainGroup = E4421C501FB21FBB0019BE68;
			productRefGroup = E4421C5A1FB21FBB0019BE68 /* Products */;
			projectDirPath = "";
			projectRoot = "";
			targets = (
				E4421C581FB21FBB0019BE68 /* Co. Administrator */,
			);
		};
/* End PBXProject section */

/* Begin PBXResourcesBuildPhase section */
		E4421C571FB21FBB0019BE68 /* Resources */ = {
			isa = PBXResourcesBuildPhase;
			buildActionMask = 2147483647;
			files = (
				E4421C6A1FB21FBB0019BE68 /* LaunchScreen.storyboard in Resources */,
				E4421C671FB21FBB0019BE68 /* Assets.xcassets in Resources */,
				E4421C621FB21FBB0019BE68 /* Main.storyboard in Resources */,
			);
			runOnlyForDeploymentPostprocessing = 0;
		};
/* End PBXResourcesBuildPhase section */

/* Begin PBXShellScriptBuildPhase section */
		288E0D1B4FBC0F153E221B6E /* [CP] Embed Pods Frameworks */ = {
			isa = PBXShellScriptBuildPhase;
			buildActionMask = 2147483647;
			files = (
			);
			inputPaths = (
				"${SRCROOT}/Pods/Target Support Files/Pods-Co. Administrator/Pods-Co. Administrator-frameworks.sh",
				"${BUILT_PRODUCTS_DIR}/Alamofire/Alamofire.framework",
				"${BUILT_PRODUCTS_DIR}/FontAwesome.swift/FontAwesome_swift.framework",
				"${BUILT_PRODUCTS_DIR}/SwiftyJSON/SwiftyJSON.framework",
			);
			name = "[CP] Embed Pods Frameworks";
			outputPaths = (
				"${TARGET_BUILD_DIR}/${FRAMEWORKS_FOLDER_PATH}/Alamofire.framework",
				"${TARGET_BUILD_DIR}/${FRAMEWORKS_FOLDER_PATH}/FontAwesome_swift.framework",
				"${TARGET_BUILD_DIR}/${FRAMEWORKS_FOLDER_PATH}/SwiftyJSON.framework",
			);
			runOnlyForDeploymentPostprocessing = 0;
			shellPath = /bin/sh;
			shellScript = "\"${SRCROOT}/Pods/Target Support Files/Pods-Co. Administrator/Pods-Co. Administrator-frameworks.sh\"\n";
			showEnvVarsInLog = 0;
		};
		54C5F80C669A9796ECD8196D /* [CP] Copy Pods Resources */ = {
			isa = PBXShellScriptBuildPhase;
			buildActionMask = 2147483647;
			files = (
			);
			inputPaths = (
			);
			name = "[CP] Copy Pods Resources";
			outputPaths = (
			);
			runOnlyForDeploymentPostprocessing = 0;
			shellPath = /bin/sh;
			shellScript = "\"${SRCROOT}/Pods/Target Support Files/Pods-Co. Administrator/Pods-Co. Administrator-resources.sh\"\n";
			showEnvVarsInLog = 0;
		};
		9100443BF4C0FE4A2458C10E /* [CP] Check Pods Manifest.lock */ = {
			isa = PBXShellScriptBuildPhase;
			buildActionMask = 2147483647;
			files = (
			);
			inputPaths = (
				"${PODS_PODFILE_DIR_PATH}/Podfile.lock",
				"${PODS_ROOT}/Manifest.lock",
			);
			name = "[CP] Check Pods Manifest.lock";
			outputPaths = (
				"$(DERIVED_FILE_DIR)/Pods-Co. Administrator-checkManifestLockResult.txt",
			);
			runOnlyForDeploymentPostprocessing = 0;
			shellPath = /bin/sh;
			shellScript = "diff \"${PODS_PODFILE_DIR_PATH}/Podfile.lock\" \"${PODS_ROOT}/Manifest.lock\" > /dev/null\nif [ $? != 0 ] ; then\n    # print error to STDERR\n    echo \"error: The sandbox is not in sync with the Podfile.lock. Run 'pod install' or update your CocoaPods installation.\" >&2\n    exit 1\nfi\n# This output is used by Xcode 'outputs' to avoid re-running this script phase.\necho \"SUCCESS\" > \"${SCRIPT_OUTPUT_FILE_0}\"\n";
			showEnvVarsInLog = 0;
		};
/* End PBXShellScriptBuildPhase section */

/* Begin PBXSourcesBuildPhase section */
		E4421C551FB21FBB0019BE68 /* Sources */ = {
			isa = PBXSourcesBuildPhase;
			buildActionMask = 2147483647;
			files = (
				E4421C651FB21FBB0019BE68 /* Co__Administrator.xcdatamodeld in Sources */,
				E444FE841FB39D46007A69C6 /* MainVC.swift in Sources */,
				E499AA121FB4283900DFF3AA /* LoginVC.swift in Sources */,
				E41C90921FDEAB9C00F5435E /* SessionsNetworkManager.swift in Sources */,
				E41E38201FDEF9A10040460C /* UsersNetworkManager.swift in Sources */,
				E4421C5D1FB21FBB0019BE68 /* AppDelegate.swift in Sources */,
				E499AA151FB42EB300DFF3AA /* Constants.swift in Sources */,
				E43BBA851FE2AF0200E98C02 /* Enums.swift in Sources */,
				E443CCB91FE17C200008C6F4 /* Session.swift in Sources */,
				E444FE821FB36CDE007A69C6 /* SWRevealViewController.m in Sources */,
				E444FE861FB39D5D007A69C6 /* SideMenuVC.swift in Sources */,
				E41E38241FE08AF40040460C /* User.swift in Sources */,
				E4D699B11FE2A98300B89414 /* SideMenuCell.swift in Sources */,
			);
			runOnlyForDeploymentPostprocessing = 0;
		};
/* End PBXSourcesBuildPhase section */

/* Begin PBXVariantGroup section */
		E4421C601FB21FBB0019BE68 /* Main.storyboard */ = {
			isa = PBXVariantGroup;
			children = (
				E4421C611FB21FBB0019BE68 /* Base */,
			);
			name = Main.storyboard;
			sourceTree = "<group>";
		};
		E4421C681FB21FBB0019BE68 /* LaunchScreen.storyboard */ = {
			isa = PBXVariantGroup;
			children = (
				E4421C691FB21FBB0019BE68 /* Base */,
			);
			name = LaunchScreen.storyboard;
			sourceTree = "<group>";
		};
/* End PBXVariantGroup section */

/* Begin XCBuildConfiguration section */
		E4421C6C1FB21FBB0019BE68 /* Debug */ = {
			isa = XCBuildConfiguration;
			buildSettings = {
				ALWAYS_SEARCH_USER_PATHS = NO;
				CLANG_ANALYZER_NONNULL = YES;
				CLANG_ANALYZER_NUMBER_OBJECT_CONVERSION = YES_AGGRESSIVE;
				CLANG_CXX_LANGUAGE_STANDARD = "gnu++14";
				CLANG_CXX_LIBRARY = "libc++";
				CLANG_ENABLE_MODULES = YES;
				CLANG_ENABLE_OBJC_ARC = YES;
				CLANG_WARN_BLOCK_CAPTURE_AUTORELEASING = YES;
				CLANG_WARN_BOOL_CONVERSION = YES;
				CLANG_WARN_COMMA = YES;
				CLANG_WARN_CONSTANT_CONVERSION = YES;
				CLANG_WARN_DIRECT_OBJC_ISA_USAGE = YES_ERROR;
				CLANG_WARN_DOCUMENTATION_COMMENTS = YES;
				CLANG_WARN_EMPTY_BODY = YES;
				CLANG_WARN_ENUM_CONVERSION = YES;
				CLANG_WARN_INFINITE_RECURSION = YES;
				CLANG_WARN_INT_CONVERSION = YES;
				CLANG_WARN_NON_LITERAL_NULL_CONVERSION = YES;
				CLANG_WARN_OBJC_LITERAL_CONVERSION = YES;
				CLANG_WARN_OBJC_ROOT_CLASS = YES_ERROR;
				CLANG_WARN_RANGE_LOOP_ANALYSIS = YES;
				CLANG_WARN_STRICT_PROTOTYPES = YES;
				CLANG_WARN_SUSPICIOUS_MOVE = YES;
				CLANG_WARN_UNGUARDED_AVAILABILITY = YES_AGGRESSIVE;
				CLANG_WARN_UNREACHABLE_CODE = YES;
				CLANG_WARN__DUPLICATE_METHOD_MATCH = YES;
				CODE_SIGN_IDENTITY = "iPhone Developer";
				COPY_PHASE_STRIP = NO;
				DEBUG_INFORMATION_FORMAT = dwarf;
				ENABLE_STRICT_OBJC_MSGSEND = YES;
				ENABLE_TESTABILITY = YES;
				GCC_C_LANGUAGE_STANDARD = gnu11;
				GCC_DYNAMIC_NO_PIC = NO;
				GCC_NO_COMMON_BLOCKS = YES;
				GCC_OPTIMIZATION_LEVEL = 0;
				GCC_PREPROCESSOR_DEFINITIONS = (
					"DEBUG=1",
					"$(inherited)",
				);
				GCC_WARN_64_TO_32_BIT_CONVERSION = YES;
				GCC_WARN_ABOUT_RETURN_TYPE = YES_ERROR;
				GCC_WARN_UNDECLARED_SELECTOR = YES;
				GCC_WARN_UNINITIALIZED_AUTOS = YES_AGGRESSIVE;
				GCC_WARN_UNUSED_FUNCTION = YES;
				GCC_WARN_UNUSED_VARIABLE = YES;
				IPHONEOS_DEPLOYMENT_TARGET = 11.1;
				MTL_ENABLE_DEBUG_INFO = YES;
				ONLY_ACTIVE_ARCH = YES;
				SDKROOT = iphoneos;
				SWIFT_ACTIVE_COMPILATION_CONDITIONS = DEBUG;
				SWIFT_OPTIMIZATION_LEVEL = "-Onone";
			};
			name = Debug;
		};
		E4421C6D1FB21FBB0019BE68 /* Release */ = {
			isa = XCBuildConfiguration;
			buildSettings = {
				ALWAYS_SEARCH_USER_PATHS = NO;
				CLANG_ANALYZER_NONNULL = YES;
				CLANG_ANALYZER_NUMBER_OBJECT_CONVERSION = YES_AGGRESSIVE;
				CLANG_CXX_LANGUAGE_STANDARD = "gnu++14";
				CLANG_CXX_LIBRARY = "libc++";
				CLANG_ENABLE_MODULES = YES;
				CLANG_ENABLE_OBJC_ARC = YES;
				CLANG_WARN_BLOCK_CAPTURE_AUTORELEASING = YES;
				CLANG_WARN_BOOL_CONVERSION = YES;
				CLANG_WARN_COMMA = YES;
				CLANG_WARN_CONSTANT_CONVERSION = YES;
				CLANG_WARN_DIRECT_OBJC_ISA_USAGE = YES_ERROR;
				CLANG_WARN_DOCUMENTATION_COMMENTS = YES;
				CLANG_WARN_EMPTY_BODY = YES;
				CLANG_WARN_ENUM_CONVERSION = YES;
				CLANG_WARN_INFINITE_RECURSION = YES;
				CLANG_WARN_INT_CONVERSION = YES;
				CLANG_WARN_NON_LITERAL_NULL_CONVERSION = YES;
				CLANG_WARN_OBJC_LITERAL_CONVERSION = YES;
				CLANG_WARN_OBJC_ROOT_CLASS = YES_ERROR;
				CLANG_WARN_RANGE_LOOP_ANALYSIS = YES;
				CLANG_WARN_STRICT_PROTOTYPES = YES;
				CLANG_WARN_SUSPICIOUS_MOVE = YES;
				CLANG_WARN_UNGUARDED_AVAILABILITY = YES_AGGRESSIVE;
				CLANG_WARN_UNREACHABLE_CODE = YES;
				CLANG_WARN__DUPLICATE_METHOD_MATCH = YES;
				CODE_SIGN_IDENTITY = "iPhone Developer";
				COPY_PHASE_STRIP = NO;
				DEBUG_INFORMATION_FORMAT = "dwarf-with-dsym";
				ENABLE_NS_ASSERTIONS = NO;
				ENABLE_STRICT_OBJC_MSGSEND = YES;
				GCC_C_LANGUAGE_STANDARD = gnu11;
				GCC_NO_COMMON_BLOCKS = YES;
				GCC_WARN_64_TO_32_BIT_CONVERSION = YES;
				GCC_WARN_ABOUT_RETURN_TYPE = YES_ERROR;
				GCC_WARN_UNDECLARED_SELECTOR = YES;
				GCC_WARN_UNINITIALIZED_AUTOS = YES_AGGRESSIVE;
				GCC_WARN_UNUSED_FUNCTION = YES;
				GCC_WARN_UNUSED_VARIABLE = YES;
				IPHONEOS_DEPLOYMENT_TARGET = 11.1;
				MTL_ENABLE_DEBUG_INFO = NO;
				SDKROOT = iphoneos;
				SWIFT_OPTIMIZATION_LEVEL = "-Owholemodule";
				VALIDATE_PRODUCT = YES;
			};
			name = Release;
		};
		E4421C6F1FB21FBB0019BE68 /* Debug */ = {
			isa = XCBuildConfiguration;
			baseConfigurationReference = 738173F31562E11E63188F2F /* Pods-Co. Administrator.debug.xcconfig */;
			buildSettings = {
				ASSETCATALOG_COMPILER_APPICON_NAME = AppIcon;
				CLANG_ENABLE_MODULES = YES;
				CODE_SIGN_STYLE = Automatic;
				DEVELOPMENT_TEAM = 964K8Z5G2P;
				INFOPLIST_FILE = "Co. Administrator/Info.plist";
				LD_RUNPATH_SEARCH_PATHS = "$(inherited) @executable_path/Frameworks";
				PRODUCT_BUNDLE_IDENTIFIER = "Andrei-Sorin-Blaj.Co--Administrator";
				PRODUCT_NAME = "$(TARGET_NAME)";
				SWIFT_OBJC_BRIDGING_HEADER = "Co. Administrator/Supporting Files/Co. Administrator-Bridging-Header.h";
				SWIFT_OPTIMIZATION_LEVEL = "-Onone";
				SWIFT_VERSION = 4.0;
				TARGETED_DEVICE_FAMILY = "1,2";
			};
			name = Debug;
		};
		E4421C701FB21FBB0019BE68 /* Release */ = {
			isa = XCBuildConfiguration;
			baseConfigurationReference = 95458CCECA462E19645FC5F1 /* Pods-Co. Administrator.release.xcconfig */;
			buildSettings = {
				ASSETCATALOG_COMPILER_APPICON_NAME = AppIcon;
				CLANG_ENABLE_MODULES = YES;
				CODE_SIGN_STYLE = Automatic;
				DEVELOPMENT_TEAM = 964K8Z5G2P;
				INFOPLIST_FILE = "Co. Administrator/Info.plist";
				LD_RUNPATH_SEARCH_PATHS = "$(inherited) @executable_path/Frameworks";
				PRODUCT_BUNDLE_IDENTIFIER = "Andrei-Sorin-Blaj.Co--Administrator";
				PRODUCT_NAME = "$(TARGET_NAME)";
				SWIFT_OBJC_BRIDGING_HEADER = "Co. Administrator/Supporting Files/Co. Administrator-Bridging-Header.h";
				SWIFT_VERSION = 4.0;
				TARGETED_DEVICE_FAMILY = "1,2";
			};
			name = Release;
		};
/* End XCBuildConfiguration section */

/* Begin XCConfigurationList section */
		E4421C541FB21FBB0019BE68 /* Build configuration list for PBXProject "Co. Administrator" */ = {
			isa = XCConfigurationList;
			buildConfigurations = (
				E4421C6C1FB21FBB0019BE68 /* Debug */,
				E4421C6D1FB21FBB0019BE68 /* Release */,
			);
			defaultConfigurationIsVisible = 0;
			defaultConfigurationName = Release;
		};
		E4421C6E1FB21FBB0019BE68 /* Build configuration list for PBXNativeTarget "Co. Administrator" */ = {
			isa = XCConfigurationList;
			buildConfigurations = (
				E4421C6F1FB21FBB0019BE68 /* Debug */,
				E4421C701FB21FBB0019BE68 /* Release */,
			);
			defaultConfigurationIsVisible = 0;
			defaultConfigurationName = Release;
		};
/* End XCConfigurationList section */

/* Begin XCVersionGroup section */
		E4421C631FB21FBB0019BE68 /* Co__Administrator.xcdatamodeld */ = {
			isa = XCVersionGroup;
			children = (
				E4421C641FB21FBB0019BE68 /* Co__Administrator.xcdatamodel */,
			);
			currentVersion = E4421C641FB21FBB0019BE68 /* Co__Administrator.xcdatamodel */;
			path = Co__Administrator.xcdatamodeld;
			sourceTree = "<group>";
			versionGroupType = wrapper.xcdatamodel;
		};
/* End XCVersionGroup section */
	};
	rootObject = E4421C511FB21FBB0019BE68 /* Project object */;
}
